# generated by rye
# use `rye lock` or `rye sync` to update this lockfile
#
# last locked with the following flags:
#   pre: false
#   features: []
#   all-features: false
#   with-sources: false
#   generate-hashes: false
#   universal: false

-e file:.
certifi==2024.8.30
    # via requests
charset-normalizer==3.4.0
    # via requests
colorama==0.4.6
    # via pytest
idna==3.10
    # via requests
iniconfig==2.0.0
    # via pytest
jaraco-classes==3.4.0
    # via keyring
jaraco-context==6.0.1
    # via keyring
jaraco-functools==4.1.0
    # via keyring
keyring==25.5.0
more-itertools==10.5.0
    # via jaraco-classes
    # via jaraco-functools
packaging==24.2
    # via pytest
pillow==11.0.0
pluggy==1.5.0
    # via pytest
pydotenv==0.0.7
pytest==8.3.3
pywin32-ctypes==0.2.3
    # via keyring
pyyaml==6.0.2
requests==2.32.3
toml==0.10.2
urllib3==2.2.3
    # via requests
